
Microsoft Visual Studio Solution File, Format Version 12.00
# Visual Studio Version 17
VisualStudioVersion = 17.7.33913.275
MinimumVisualStudioVersion = 10.0.40219.1
Project("{2150E333-8FDC-42A3-9474-1A3956D46DE8}") = "Httplambda", "Httplambda", "{4D5D1638-BD2C-40A3-9992-62D38EBF1BC2}"
EndProject
Project("{9A19103F-16F7-4668-BE54-9A1E7A4F7556}") = "AWSLambda.Learn", "Httplambda\AWSLambda.Learn\AWSLambda.Learn.csproj", "{DEBD06E4-C0B0-4117-BF05-B43F6DD73A7A}"
EndProject
Project("{9A19103F-16F7-4668-BE54-9A1E7A4F7556}") = "AWSLambda.Learn.Tests", "Httplambda\AWSLambda.Learn.Tests\AWSLambda.Learn.Tests.csproj", "{8B8D99A9-D683-4E78-9F24-AB559545602B}"
EndProject
Project("{2150E333-8FDC-42A3-9474-1A3956D46DE8}") = "SNSLambda", "SNSLambda", "{2C58F5E3-A2FF-42F6-83C2-ED0CBC45455B}"
EndProject
Project("{9A19103F-16F7-4668-BE54-9A1E7A4F7556}") = "SNSTrigger.Lambda", "SNSTrigger.Lambda\SNSTrigger.Lambda.csproj", "{564CF7F4-E7BD-464C-BCB6-49D89812CE32}"
EndProject
Project("{FAE04EC0-301F-11D3-BF4B-00C04F79EFBC}") = "SnsPublisher", "SnsPublisher\SnsPublisher.csproj", "{F32C5F5F-C24A-41DD-8A1D-E1CD4C9B6344}"
EndProject
Project("{2150E333-8FDC-42A3-9474-1A3956D46DE8}") = "Images", "Images", "{5C835BEB-20C2-4924-9721-269BC7535000}"
	ProjectSection(SolutionItems) = preProject
		Images\dlq permissions.jpg = Images\dlq permissions.jpg
		Images\DLQ.jpg = Images\DLQ.jpg
		Images\DLQ2.jpg = Images\DLQ2.jpg
		Images\InternalEventQueue.jpg = Images\InternalEventQueue.jpg
		Images\LambdaConcurrency.jpg = Images\LambdaConcurrency.jpg
		Images\LambdaConcurrency2.jpg = Images\LambdaConcurrency2.jpg
	EndProjectSection
EndProject
Global
	GlobalSection(SolutionConfigurationPlatforms) = preSolution
		Debug|Any CPU = Debug|Any CPU
		Release|Any CPU = Release|Any CPU
	EndGlobalSection
	GlobalSection(ProjectConfigurationPlatforms) = postSolution
		{DEBD06E4-C0B0-4117-BF05-B43F6DD73A7A}.Debug|Any CPU.ActiveCfg = Debug|Any CPU
		{DEBD06E4-C0B0-4117-BF05-B43F6DD73A7A}.Debug|Any CPU.Build.0 = Debug|Any CPU
		{DEBD06E4-C0B0-4117-BF05-B43F6DD73A7A}.Release|Any CPU.ActiveCfg = Release|Any CPU
		{DEBD06E4-C0B0-4117-BF05-B43F6DD73A7A}.Release|Any CPU.Build.0 = Release|Any CPU
		{8B8D99A9-D683-4E78-9F24-AB559545602B}.Debug|Any CPU.ActiveCfg = Debug|Any CPU
		{8B8D99A9-D683-4E78-9F24-AB559545602B}.Debug|Any CPU.Build.0 = Debug|Any CPU
		{8B8D99A9-D683-4E78-9F24-AB559545602B}.Release|Any CPU.ActiveCfg = Release|Any CPU
		{8B8D99A9-D683-4E78-9F24-AB559545602B}.Release|Any CPU.Build.0 = Release|Any CPU
		{564CF7F4-E7BD-464C-BCB6-49D89812CE32}.Debug|Any CPU.ActiveCfg = Debug|Any CPU
		{564CF7F4-E7BD-464C-BCB6-49D89812CE32}.Debug|Any CPU.Build.0 = Debug|Any CPU
		{564CF7F4-E7BD-464C-BCB6-49D89812CE32}.Release|Any CPU.ActiveCfg = Release|Any CPU
		{564CF7F4-E7BD-464C-BCB6-49D89812CE32}.Release|Any CPU.Build.0 = Release|Any CPU
		{F32C5F5F-C24A-41DD-8A1D-E1CD4C9B6344}.Debug|Any CPU.ActiveCfg = Debug|Any CPU
		{F32C5F5F-C24A-41DD-8A1D-E1CD4C9B6344}.Debug|Any CPU.Build.0 = Debug|Any CPU
		{F32C5F5F-C24A-41DD-8A1D-E1CD4C9B6344}.Release|Any CPU.ActiveCfg = Release|Any CPU
		{F32C5F5F-C24A-41DD-8A1D-E1CD4C9B6344}.Release|Any CPU.Build.0 = Release|Any CPU
	EndGlobalSection
	GlobalSection(SolutionProperties) = preSolution
		HideSolutionNode = FALSE
	EndGlobalSection
	GlobalSection(NestedProjects) = preSolution
		{DEBD06E4-C0B0-4117-BF05-B43F6DD73A7A} = {4D5D1638-BD2C-40A3-9992-62D38EBF1BC2}
		{8B8D99A9-D683-4E78-9F24-AB559545602B} = {4D5D1638-BD2C-40A3-9992-62D38EBF1BC2}
		{564CF7F4-E7BD-464C-BCB6-49D89812CE32} = {2C58F5E3-A2FF-42F6-83C2-ED0CBC45455B}
		{F32C5F5F-C24A-41DD-8A1D-E1CD4C9B6344} = {2C58F5E3-A2FF-42F6-83C2-ED0CBC45455B}
		{5C835BEB-20C2-4924-9721-269BC7535000} = {2C58F5E3-A2FF-42F6-83C2-ED0CBC45455B}
	EndGlobalSection
	GlobalSection(ExtensibilityGlobals) = postSolution
		SolutionGuid = {71F1329A-7508-4FA9-B278-5359F7C15325}
	EndGlobalSection
EndGlobal
